{
  "lockfile_version": "1",
  "packages": {
    "direnv@2.37.1": {
      "last_modified": "2025-07-28T17:09:23Z",
      "resolved": "github:NixOS/nixpkgs/648f70160c03151bc2121d179291337ad6bc564b#direnv",
      "source": "devbox-search",
      "version": "2.37.1",
      "systems": {
        "aarch64-darwin": {
          "outputs": [
            {
              "name": "out",
              "path": "/nix/store/jx3qm446vnaz50kk6pjh4h5chn74ib2c-direnv-2.37.1",
              "default": true
            }
          ],
          "store_path": "/nix/store/jx3qm446vnaz50kk6pjh4h5chn74ib2c-direnv-2.37.1"
        },
        "aarch64-linux": {
          "outputs": [
            {
              "name": "out",
              "path": "/nix/store/bqkp6cxz0lp3033iixxm2kvykvfsqvf8-direnv-2.37.1",
              "default": true
            }
          ],
          "store_path": "/nix/store/bqkp6cxz0lp3033iixxm2kvykvfsqvf8-direnv-2.37.1"
        },
        "x86_64-darwin": {
          "outputs": [
            {
              "name": "out",
              "path": "/nix/store/m77810day5glilqri3k3y9bz2v3vg72w-direnv-2.37.1",
              "default": true
            }
          ],
          "store_path": "/nix/store/m77810day5glilqri3k3y9bz2v3vg72w-direnv-2.37.1"
        },
        "x86_64-linux": {
          "outputs": [
            {
              "name": "out",
              "path": "/nix/store/qj6a7xr3knnl5wjs3rvr8ajbjkxbn32f-direnv-2.37.1",
              "default": true
            }
          ],
          "store_path": "/nix/store/qj6a7xr3knnl5wjs3rvr8ajbjkxbn32f-direnv-2.37.1"
        }
      }
    },
    "github:NixOS/nixpkgs/nixpkgs-unstable": {
      "resolved": "github:NixOS/nixpkgs/02032da4af073d0f6110540c8677f16d4be0117f?lastModified=1741037377&narHash=sha256-SvtvVKHaUX4Owb%2BPasySwZsoc5VUeTf1px34BByiOxw%3D"
    },
    "gitleaks@8.28.0": {
      "last_modified": "2025-07-22T02:38:50Z",
      "resolved": "github:NixOS/nixpkgs/83e677f31c84212343f4cc553bab85c2efcad60a#gitleaks",
      "source": "devbox-search",
      "version": "8.28.0",
      "systems": {
        "aarch64-darwin": {
          "outputs": [
            {
              "name": "out",
              "path": "/nix/store/rjaqzp0jdwaa0f110ff2fxhwxavi7260-gitleaks-8.28.0",
              "default": true
            }
          ],
          "store_path": "/nix/store/rjaqzp0jdwaa0f110ff2fxhwxavi7260-gitleaks-8.28.0"
        },
        "aarch64-linux": {
          "outputs": [
            {
              "name": "out",
              "path": "/nix/store/kxgcbrr8sjxwy7m35irqq3mkl1zz0j9c-gitleaks-8.28.0",
              "default": true
            }
          ],
          "store_path": "/nix/store/kxgcbrr8sjxwy7m35irqq3mkl1zz0j9c-gitleaks-8.28.0"
        },
        "x86_64-darwin": {
          "outputs": [
            {
              "name": "out",
              "path": "/nix/store/vqhd8miy536hlg0xnpz2xkbmcg7mllnv-gitleaks-8.28.0",
              "default": true
            }
          ],
          "store_path": "/nix/store/vqhd8miy536hlg0xnpz2xkbmcg7mllnv-gitleaks-8.28.0"
        },
        "x86_64-linux": {
          "outputs": [
            {
              "name": "out",
              "path": "/nix/store/zqc2zzkxmx70f3syf84flg212b8yrrw1-gitleaks-8.28.0",
              "default": true
            }
          ],
          "store_path": "/nix/store/zqc2zzkxmx70f3syf84flg212b8yrrw1-gitleaks-8.28.0"
        }
      }
    },
    "pre-commit@4.5.1": {
      "last_modified": "2026-01-17T14:47:01Z",
      "resolved": "github:NixOS/nixpkgs/3327b113f2ef698d380df83fbccefad7e83d7769#pre-commit",
      "source": "devbox-search",
      "version": "4.5.1",
      "systems": {
        "aarch64-darwin": {
          "outputs": [
            {
              "name": "out",
              "path": "/nix/store/hqp4liqx5x8mv2qyr1hsl5qv5bd33p7i-pre-commit-4.5.1",
              "default": true
            },
            {
              "name": "dist",
              "path": "/nix/store/ka8xgfcs4kcw6r6pdqxcyp5yismakg7n-pre-commit-4.5.1-dist"
            }
          ],
          "store_path": "/nix/store/hqp4liqx5x8mv2qyr1hsl5qv5bd33p7i-pre-commit-4.5.1"
        },
        "aarch64-linux": {
          "outputs": [
            {
              "name": "out",
              "path": "/nix/store/gjpbnhr5bxzh1ngx4mw47zl4gsb3iy9c-pre-commit-4.5.1",
              "default": true
            },
            {
              "name": "dist",
              "path": "/nix/store/xplnq33klgsmw31an3ds9lsikl127xsr-pre-commit-4.5.1-dist"
            }
          ],
          "store_path": "/nix/store/gjpbnhr5bxzh1ngx4mw47zl4gsb3iy9c-pre-commit-4.5.1"
        },
        "x86_64-darwin": {
          "outputs": [
            {
              "name": "out",
              "path": "/nix/store/jflhh85nx06kvgiq6h1p9vz31vl4gmzg-pre-commit-4.5.1",
              "default": true
            },
            {
              "name": "dist",
              "path": "/nix/store/a2j9ifzbzz3hfyf83qgjadpr9i866r80-pre-commit-4.5.1-dist"
            }
          ],
          "store_path": "/nix/store/jflhh85nx06kvgiq6h1p9vz31vl4gmzg-pre-commit-4.5.1"
        },
        "x86_64-linux": {
          "outputs": [
            {
              "name": "out",
              "path": "/nix/store/d3cs4k7ps9pxdq8l264s7hijiml10rzm-pre-commit-4.5.1",
              "default": true
            },
            {
              "name": "dist",
              "path": "/nix/store/v54bc85lpnnii94mgxqjxv1x5r51ihi5-pre-commit-4.5.1-dist"
            }
          ],
          "store_path": "/nix/store/d3cs4k7ps9pxdq8l264s7hijiml10rzm-pre-commit-4.5.1"
        }
      }
    },
    "yamllint@1.37.1": {
      "last_modified": "2025-05-12T14:38:58Z",
      "resolved": "github:NixOS/nixpkgs/eaeed9530c76ce5f1d2d8232e08bec5e26f18ec1#yamllint",
      "source": "devbox-search",
      "version": "1.37.1",
      "systems": {
        "aarch64-darwin": {
          "outputs": [
            {
              "name": "out",
              "path": "/nix/store/5pxl2vassm5p3na7nz0a07vf7ii1q5x7-python3.12-yamllint-1.37.1",
              "default": true
            },
            {
              "name": "dist",
              "path": "/nix/store/h4ynn1ayg2gbxw3mrrd2f8szxvjw032h-python3.12-yamllint-1.37.1-dist"
            }
          ],
          "store_path": "/nix/store/5pxl2vassm5p3na7nz0a07vf7ii1q5x7-python3.12-yamllint-1.37.1"
        },
        "aarch64-linux": {
          "outputs": [
            {
              "name": "out",
              "path": "/nix/store/m3l8ak6d3d0qgvjfshb10x0wqw6lw63h-python3.12-yamllint-1.37.1",
              "default": true
            },
            {
              "name": "dist",
              "path": "/nix/store/kgss2dv6ylck2bijixx60in68ysmq7hv-python3.12-yamllint-1.37.1-dist"
            }
          ],
          "store_path": "/nix/store/m3l8ak6d3d0qgvjfshb10x0wqw6lw63h-python3.12-yamllint-1.37.1"
        },
        "x86_64-darwin": {
          "outputs": [
            {
              "name": "out",
              "path": "/nix/store/sawjp7hvaji6b545hxx2pcmbl21l8gjm-python3.12-yamllint-1.37.1",
              "default": true
            },
            {
              "name": "dist",
              "path": "/nix/store/3n8j9a1bafhwc7ii0jm4df57a4ddxmap-python3.12-yamllint-1.37.1-dist"
            }
          ],
          "store_path": "/nix/store/sawjp7hvaji6b545hxx2pcmbl21l8gjm-python3.12-yamllint-1.37.1"
        },
        "x86_64-linux": {
          "outputs": [
            {
              "name": "out",
              "path": "/nix/store/anv01gj6mry1px518q0pz0kpms2s0zr7-python3.12-yamllint-1.37.1",
              "default": true
            },
            {
              "name": "dist",
              "path": "/nix/store/n61pzicca99vi3kj1i3vjd9rrfbijcjb-python3.12-yamllint-1.37.1-dist"
            }
          ],
          "store_path": "/nix/store/anv01gj6mry1px518q0pz0kpms2s0zr7-python3.12-yamllint-1.37.1"
        }
      }
    }
  }
}
