{
  "lockfile_version": "1",
  "packages": {
    "direnv@2.37.1": {
      "last_modified": "2025-07-28T17:09:23Z",
      "resolved": "github:NixOS/nixpkgs/648f70160c03151bc2121d179291337ad6bc564b#direnv",
      "source": "devbox-search",
      "version": "2.37.1",
      "systems": {
        "aarch64-darwin": {
          "outputs": [
            {
              "name": "out",
              "path": "/nix/store/jx3qm446vnaz50kk6pjh4h5chn74ib2c-direnv-2.37.1",
              "default": true
            }
          ],
          "store_path": "/nix/store/jx3qm446vnaz50kk6pjh4h5chn74ib2c-direnv-2.37.1"
        },
        "aarch64-linux": {
          "outputs": [
            {
              "name": "out",
              "path": "/nix/store/bqkp6cxz0lp3033iixxm2kvykvfsqvf8-direnv-2.37.1",
              "default": true
            }
          ],
          "store_path": "/nix/store/bqkp6cxz0lp3033iixxm2kvykvfsqvf8-direnv-2.37.1"
        },
        "x86_64-darwin": {
          "outputs": [
            {
              "name": "out",
              "path": "/nix/store/m77810day5glilqri3k3y9bz2v3vg72w-direnv-2.37.1",
              "default": true
            }
          ],
          "store_path": "/nix/store/m77810day5glilqri3k3y9bz2v3vg72w-direnv-2.37.1"
        },
        "x86_64-linux": {
          "outputs": [
            {
              "name": "out",
              "path": "/nix/store/qj6a7xr3knnl5wjs3rvr8ajbjkxbn32f-direnv-2.37.1",
              "default": true
            }
          ],
          "store_path": "/nix/store/qj6a7xr3knnl5wjs3rvr8ajbjkxbn32f-direnv-2.37.1"
        }
      }
    },
    "github:NixOS/nixpkgs/nixpkgs-unstable": {
      "resolved": "github:NixOS/nixpkgs/02032da4af073d0f6110540c8677f16d4be0117f?lastModified=1741037377&narHash=sha256-SvtvVKHaUX4Owb%2BPasySwZsoc5VUeTf1px34BByiOxw%3D"
    },
    "gitleaks@8.28.0": {
      "last_modified": "2025-07-22T02:38:50Z",
      "resolved": "github:NixOS/nixpkgs/83e677f31c84212343f4cc553bab85c2efcad60a#gitleaks",
      "source": "devbox-search",
      "version": "8.28.0",
      "systems": {
        "aarch64-darwin": {
          "outputs": [
            {
              "name": "out",
              "path": "/nix/store/rjaqzp0jdwaa0f110ff2fxhwxavi7260-gitleaks-8.28.0",
              "default": true
            }
          ],
          "store_path": "/nix/store/rjaqzp0jdwaa0f110ff2fxhwxavi7260-gitleaks-8.28.0"
        },
        "aarch64-linux": {
          "outputs": [
            {
              "name": "out",
              "path": "/nix/store/kxgcbrr8sjxwy7m35irqq3mkl1zz0j9c-gitleaks-8.28.0",
              "default": true
            }
          ],
          "store_path": "/nix/store/kxgcbrr8sjxwy7m35irqq3mkl1zz0j9c-gitleaks-8.28.0"
        },
        "x86_64-darwin": {
          "outputs": [
            {
              "name": "out",
              "path": "/nix/store/vqhd8miy536hlg0xnpz2xkbmcg7mllnv-gitleaks-8.28.0",
              "default": true
            }
          ],
          "store_path": "/nix/store/vqhd8miy536hlg0xnpz2xkbmcg7mllnv-gitleaks-8.28.0"
        },
        "x86_64-linux": {
          "outputs": [
            {
              "name": "out",
              "path": "/nix/store/zqc2zzkxmx70f3syf84flg212b8yrrw1-gitleaks-8.28.0",
              "default": true
            }
          ],
          "store_path": "/nix/store/zqc2zzkxmx70f3syf84flg212b8yrrw1-gitleaks-8.28.0"
        }
      }
    },
    "pre-commit@4.2.0": {
      "last_modified": "2025-07-28T17:09:23Z",
      "resolved": "github:NixOS/nixpkgs/648f70160c03151bc2121d179291337ad6bc564b#pre-commit",
      "source": "devbox-search",
      "version": "4.2.0",
      "systems": {
        "aarch64-darwin": {
          "outputs": [
            {
              "name": "out",
              "path": "/nix/store/h4pqsrh6hqjzpqnd16g4wr2js81ckx7b-pre-commit-4.2.0",
              "default": true
            },
            {
              "name": "dist",
              "path": "/nix/store/kbqa2nga20lgjwsgzknym6h36n9877nv-pre-commit-4.2.0-dist"
            }
          ],
          "store_path": "/nix/store/h4pqsrh6hqjzpqnd16g4wr2js81ckx7b-pre-commit-4.2.0"
        },
        "aarch64-linux": {
          "outputs": [
            {
              "name": "out",
              "path": "/nix/store/08kjjkd9dg9dslklljhwkhzc47ncyzfc-pre-commit-4.2.0",
              "default": true
            },
            {
              "name": "dist",
              "path": "/nix/store/l7x6ib29sphr8y7q72yww4bvvh9lwgmd-pre-commit-4.2.0-dist"
            }
          ],
          "store_path": "/nix/store/08kjjkd9dg9dslklljhwkhzc47ncyzfc-pre-commit-4.2.0"
        },
        "x86_64-darwin": {
          "outputs": [
            {
              "name": "out",
              "path": "/nix/store/dm4vs2vvdqw34ihdja6jn5j5h6kbc0lg-pre-commit-4.2.0",
              "default": true
            },
            {
              "name": "dist",
              "path": "/nix/store/2mqqdfv7q0i05b44w0dpia4q47w2cmhz-pre-commit-4.2.0-dist"
            }
          ],
          "store_path": "/nix/store/dm4vs2vvdqw34ihdja6jn5j5h6kbc0lg-pre-commit-4.2.0"
        },
        "x86_64-linux": {
          "outputs": [
            {
              "name": "out",
              "path": "/nix/store/v0sf67x7sw6pg277amhgf3j84m60wrqn-pre-commit-4.2.0",
              "default": true
            },
            {
              "name": "dist",
              "path": "/nix/store/hwa3dzmgnp5f9m74ic1y5aylah8gz0z7-pre-commit-4.2.0-dist"
            }
          ],
          "store_path": "/nix/store/v0sf67x7sw6pg277amhgf3j84m60wrqn-pre-commit-4.2.0"
        }
      }
    },
    "yamllint@1.37.1": {
      "last_modified": "2025-05-12T14:38:58Z",
      "resolved": "github:NixOS/nixpkgs/eaeed9530c76ce5f1d2d8232e08bec5e26f18ec1#yamllint",
      "source": "devbox-search",
      "version": "1.37.1",
      "systems": {
        "aarch64-darwin": {
          "outputs": [
            {
              "name": "out",
              "path": "/nix/store/5pxl2vassm5p3na7nz0a07vf7ii1q5x7-python3.12-yamllint-1.37.1",
              "default": true
            },
            {
              "name": "dist",
              "path": "/nix/store/h4ynn1ayg2gbxw3mrrd2f8szxvjw032h-python3.12-yamllint-1.37.1-dist"
            }
          ],
          "store_path": "/nix/store/5pxl2vassm5p3na7nz0a07vf7ii1q5x7-python3.12-yamllint-1.37.1"
        },
        "aarch64-linux": {
          "outputs": [
            {
              "name": "out",
              "path": "/nix/store/m3l8ak6d3d0qgvjfshb10x0wqw6lw63h-python3.12-yamllint-1.37.1",
              "default": true
            },
            {
              "name": "dist",
              "path": "/nix/store/kgss2dv6ylck2bijixx60in68ysmq7hv-python3.12-yamllint-1.37.1-dist"
            }
          ],
          "store_path": "/nix/store/m3l8ak6d3d0qgvjfshb10x0wqw6lw63h-python3.12-yamllint-1.37.1"
        },
        "x86_64-darwin": {
          "outputs": [
            {
              "name": "out",
              "path": "/nix/store/sawjp7hvaji6b545hxx2pcmbl21l8gjm-python3.12-yamllint-1.37.1",
              "default": true
            },
            {
              "name": "dist",
              "path": "/nix/store/3n8j9a1bafhwc7ii0jm4df57a4ddxmap-python3.12-yamllint-1.37.1-dist"
            }
          ],
          "store_path": "/nix/store/sawjp7hvaji6b545hxx2pcmbl21l8gjm-python3.12-yamllint-1.37.1"
        },
        "x86_64-linux": {
          "outputs": [
            {
              "name": "out",
              "path": "/nix/store/anv01gj6mry1px518q0pz0kpms2s0zr7-python3.12-yamllint-1.37.1",
              "default": true
            },
            {
              "name": "dist",
              "path": "/nix/store/n61pzicca99vi3kj1i3vjd9rrfbijcjb-python3.12-yamllint-1.37.1-dist"
            }
          ],
          "store_path": "/nix/store/anv01gj6mry1px518q0pz0kpms2s0zr7-python3.12-yamllint-1.37.1"
        }
      }
    }
  }
}
